
Microsoft Visual Studio Solution File, Format Version 12.00
# Visual Studio Version 17
VisualStudioVersion = 17.11.35327.3
MinimumVisualStudioVersion = 10.0.40219.1
Project("{FAE04EC0-301F-11D3-BF4B-00C04F79EFBC}") = "TaskTrackr.Server", "TaskTrackr.Server\TaskTrackr.Server.csproj", "{4E053BC5-F966-4642-8A28-78C242E5833F}"
EndProject
Project("{54A90642-561A-4BB1-A94E-469ADEE60C69}") = "tasktrackr.client", "tasktrackr.client\tasktrackr.client.esproj", "{4580CE7A-6C24-424D-8773-26FDD12815A5}"
EndProject
Global
	GlobalSection(SolutionConfigurationPlatforms) = preSolution
		Debug|Any CPU = Debug|Any CPU
		Release|Any CPU = Release|Any CPU
	EndGlobalSection
	GlobalSection(ProjectConfigurationPlatforms) = postSolution
		{4E053BC5-F966-4642-8A28-78C242E5833F}.Debug|Any CPU.ActiveCfg = Debug|Any CPU
		{4E053BC5-F966-4642-8A28-78C242E5833F}.Debug|Any CPU.Build.0 = Debug|Any CPU
		{4E053BC5-F966-4642-8A28-78C242E5833F}.Release|Any CPU.ActiveCfg = Release|Any CPU
		{4E053BC5-F966-4642-8A28-78C242E5833F}.Release|Any CPU.Build.0 = Release|Any CPU
		{4580CE7A-6C24-424D-8773-26FDD12815A5}.Debug|Any CPU.ActiveCfg = Debug|Any CPU
		{4580CE7A-6C24-424D-8773-26FDD12815A5}.Debug|Any CPU.Build.0 = Debug|Any CPU
		{4580CE7A-6C24-424D-8773-26FDD12815A5}.Debug|Any CPU.Deploy.0 = Debug|Any CPU
		{4580CE7A-6C24-424D-8773-26FDD12815A5}.Release|Any CPU.ActiveCfg = Release|Any CPU
		{4580CE7A-6C24-424D-8773-26FDD12815A5}.Release|Any CPU.Build.0 = Release|Any CPU
		{4580CE7A-6C24-424D-8773-26FDD12815A5}.Release|Any CPU.Deploy.0 = Release|Any CPU
	EndGlobalSection
	GlobalSection(SolutionProperties) = preSolution
		HideSolutionNode = FALSE
	EndGlobalSection
	GlobalSection(ExtensibilityGlobals) = postSolution
		SolutionGuid = {B8E39634-E24B-4EAC-B7DC-ECFC5B24DE6B}
	EndGlobalSection
EndGlobal
